
Microsoft Visual Studio Solution File, Format Version 12.00
# Visual Studio Version 16
VisualStudioVersion = 16.0.30104.148
MinimumVisualStudioVersion = 10.0.40219.1
Project("{8BC9CEB8-8B4A-11D0-8D11-00A0C91BC942}") = "SFMLButtons", "SFMLButtons\SFMLButtons.vcxproj", "{8923F90A-F29B-4763-8559-82CA6B78F9D5}"
EndProject
Global
	GlobalSection(SolutionConfigurationPlatforms) = preSolution
		Debug|x64 = Debug|x64
		Debug|x86 = Debug|x86
		Release|x64 = Release|x64
		Release|x86 = Release|x86
	EndGlobalSection
	GlobalSection(ProjectConfigurationPlatforms) = postSolution
		{8923F90A-F29B-4763-8559-82CA6B78F9D5}.Debug|x64.ActiveCfg = Debug|x64
		{8923F90A-F29B-4763-8559-82CA6B78F9D5}.Debug|x64.Build.0 = Debug|x64
		{8923F90A-F29B-4763-8559-82CA6B78F9D5}.Debug|x86.ActiveCfg = Debug|Win32
		{8923F90A-F29B-4763-8559-82CA6B78F9D5}.Debug|x86.Build.0 = Debug|Win32
		{8923F90A-F29B-4763-8559-82CA6B78F9D5}.Release|x64.ActiveCfg = Release|x64
		{8923F90A-F29B-4763-8559-82CA6B78F9D5}.Release|x64.Build.0 = Release|x64
		{8923F90A-F29B-4763-8559-82CA6B78F9D5}.Release|x86.ActiveCfg = Release|Win32
		{8923F90A-F29B-4763-8559-82CA6B78F9D5}.Release|x86.Build.0 = Release|Win32
	EndGlobalSection
	GlobalSection(SolutionProperties) = preSolution
		HideSolutionNode = FALSE
	EndGlobalSection
	GlobalSection(ExtensibilityGlobals) = postSolution
		SolutionGuid = {0F396582-1E30-4B7F-825B-12634033CB71}
	EndGlobalSection
EndGlobal
